
Microsoft Visual Studio Solution File, Format Version 12.00
# Visual Studio Version 16
VisualStudioVersion = 16.0.29728.190
MinimumVisualStudioVersion = 10.0.40219.1
Project("{FAE04EC0-301F-11D3-BF4B-00C04F79EFBC}") = "interpreter", "interpreter\interpreter.csproj", "{1D1DA5CD-37AE-4322-9BDD-CF458F38425E}"
EndProject
Global
	GlobalSection(SolutionConfigurationPlatforms) = preSolution
		Debug|Any CPU = Debug|Any CPU
		Release|Any CPU = Release|Any CPU
	EndGlobalSection
	GlobalSection(ProjectConfigurationPlatforms) = postSolution
		{1D1DA5CD-37AE-4322-9BDD-CF458F38425E}.Debug|Any CPU.ActiveCfg = Debug|Any CPU
		{1D1DA5CD-37AE-4322-9BDD-CF458F38425E}.Debug|Any CPU.Build.0 = Debug|Any CPU
		{1D1DA5CD-37AE-4322-9BDD-CF458F38425E}.Release|Any CPU.ActiveCfg = Release|Any CPU
		{1D1DA5CD-37AE-4322-9BDD-CF458F38425E}.Release|Any CPU.Build.0 = Release|Any CPU
	EndGlobalSection
	GlobalSection(SolutionProperties) = preSolution
		HideSolutionNode = FALSE
	EndGlobalSection
	GlobalSection(ExtensibilityGlobals) = postSolution
		SolutionGuid = {CFCD2B3A-179B-4CCE-847E-7434C32E121E}
	EndGlobalSection
EndGlobal
